
Microsoft Visual Studio Solution File, Format Version 12.00
# Visual Studio Version 16
VisualStudioVersion = 16.0.30406.217
MinimumVisualStudioVersion = 10.0.40219.1
Project("{FAE04EC0-301F-11D3-BF4B-00C04F79EFBC}") = "00_结构", "9_24_枚举与结构_字符串处理\00_结构.csproj", "{4418DF05-1A28-4DFE-ABD8-6BC673D96C67}"
EndProject
Global
	GlobalSection(SolutionConfigurationPlatforms) = preSolution
		Debug|Any CPU = Debug|Any CPU
		Release|Any CPU = Release|Any CPU
	EndGlobalSection
	GlobalSection(ProjectConfigurationPlatforms) = postSolution
		{4418DF05-1A28-4DFE-ABD8-6BC673D96C67}.Debug|Any CPU.ActiveCfg = Debug|Any CPU
		{4418DF05-1A28-4DFE-ABD8-6BC673D96C67}.Debug|Any CPU.Build.0 = Debug|Any CPU
		{4418DF05-1A28-4DFE-ABD8-6BC673D96C67}.Release|Any CPU.ActiveCfg = Release|Any CPU
		{4418DF05-1A28-4DFE-ABD8-6BC673D96C67}.Release|Any CPU.Build.0 = Release|Any CPU
	EndGlobalSection
	GlobalSection(SolutionProperties) = preSolution
		HideSolutionNode = FALSE
	EndGlobalSection
	GlobalSection(ExtensibilityGlobals) = postSolution
		SolutionGuid = {4A0B9E0E-94C2-4608-89B8-650F666AA142}
	EndGlobalSection
EndGlobal
